
Microsoft Visual Studio Solution File, Format Version 12.00
# Visual Studio Version 17
VisualStudioVersion = 17.7.34009.444
MinimumVisualStudioVersion = 10.0.40219.1
Project("{FAE04EC0-301F-11D3-BF4B-00C04F79EFBC}") = "login", "login\login.csproj", "{372AE35C-1090-4159-8040-F60EF500314A}"
EndProject
Global
	GlobalSection(SolutionConfigurationPlatforms) = preSolution
		Debug|Any CPU = Debug|Any CPU
		Release|Any CPU = Release|Any CPU
	EndGlobalSection
	GlobalSection(ProjectConfigurationPlatforms) = postSolution
		{372AE35C-1090-4159-8040-F60EF500314A}.Debug|Any CPU.ActiveCfg = Debug|Any CPU
		{372AE35C-1090-4159-8040-F60EF500314A}.Debug|Any CPU.Build.0 = Debug|Any CPU
		{372AE35C-1090-4159-8040-F60EF500314A}.Release|Any CPU.ActiveCfg = Release|Any CPU
		{372AE35C-1090-4159-8040-F60EF500314A}.Release|Any CPU.Build.0 = Release|Any CPU
	EndGlobalSection
	GlobalSection(SolutionProperties) = preSolution
		HideSolutionNode = FALSE
	EndGlobalSection
	GlobalSection(ExtensibilityGlobals) = postSolution
		SolutionGuid = {C8CB0B40-AE72-4E49-A939-A71E672637B6}
	EndGlobalSection
EndGlobal
